
Microsoft Visual Studio Solution File, Format Version 12.00
# Visual Studio Version 16
VisualStudioVersion = 16.0.31624.102
MinimumVisualStudioVersion = 10.0.40219.1
Project("{FAE04EC0-301F-11D3-BF4B-00C04F79EFBC}") = "Packages.Zipper", "Packages.Zipper\Packages.Zipper.csproj", "{3E57368E-BF79-418B-9C55-CE51D417ABCE}"
EndProject
Project("{FAE04EC0-301F-11D3-BF4B-00C04F79EFBC}") = "ConsoleTest", "ConsoleTest\ConsoleTest.csproj", "{6E09B6D4-32EB-48F6-B3F7-A3E89F0D5862}"
EndProject
Project("{2150E333-8FDC-42A3-9474-1A3956D46DE8}") = "System", "System", "{28F9C68B-1AA1-40CE-B848-135E69CE021F}"
EndProject
Project("{2150E333-8FDC-42A3-9474-1A3956D46DE8}") = "DotNetZip", "DotNetZip", "{4A9B39E0-6550-4C68-9CF8-87490E46F043}"
EndProject
Project("{FAE04EC0-301F-11D3-BF4B-00C04F79EFBC}") = "Packages.Zipper.DotNetZip", "Packages.Zipper.DotNetZip\Packages.Zipper.DotNetZip.csproj", "{1906F502-33F3-4F29-AB7D-ED40CBFB53FF}"
EndProject
Project("{2150E333-8FDC-42A3-9474-1A3956D46DE8}") = "Common", "Common", "{DE504D3F-CABC-4488-A762-DCABBACE906A}"
EndProject
Project("{FAE04EC0-301F-11D3-BF4B-00C04F79EFBC}") = "Common", "Common\Common.csproj", "{B8F3C660-7E46-4068-B824-995377203A81}"
EndProject
Project("{FAE04EC0-301F-11D3-BF4B-00C04F79EFBC}") = "ConsoleDotNetZipTest", "ConsoleDotNetZipTest\ConsoleDotNetZipTest.csproj", "{A81F115A-C62A-454D-814B-D85CF6798B0A}"
EndProject
Global
	GlobalSection(SolutionConfigurationPlatforms) = preSolution
		Debug|Any CPU = Debug|Any CPU
		Release|Any CPU = Release|Any CPU
	EndGlobalSection
	GlobalSection(ProjectConfigurationPlatforms) = postSolution
		{3E57368E-BF79-418B-9C55-CE51D417ABCE}.Debug|Any CPU.ActiveCfg = Debug|Any CPU
		{3E57368E-BF79-418B-9C55-CE51D417ABCE}.Debug|Any CPU.Build.0 = Debug|Any CPU
		{3E57368E-BF79-418B-9C55-CE51D417ABCE}.Release|Any CPU.ActiveCfg = Release|Any CPU
		{3E57368E-BF79-418B-9C55-CE51D417ABCE}.Release|Any CPU.Build.0 = Release|Any CPU
		{6E09B6D4-32EB-48F6-B3F7-A3E89F0D5862}.Debug|Any CPU.ActiveCfg = Debug|Any CPU
		{6E09B6D4-32EB-48F6-B3F7-A3E89F0D5862}.Debug|Any CPU.Build.0 = Debug|Any CPU
		{6E09B6D4-32EB-48F6-B3F7-A3E89F0D5862}.Release|Any CPU.ActiveCfg = Release|Any CPU
		{6E09B6D4-32EB-48F6-B3F7-A3E89F0D5862}.Release|Any CPU.Build.0 = Release|Any CPU
		{1906F502-33F3-4F29-AB7D-ED40CBFB53FF}.Debug|Any CPU.ActiveCfg = Debug|Any CPU
		{1906F502-33F3-4F29-AB7D-ED40CBFB53FF}.Debug|Any CPU.Build.0 = Debug|Any CPU
		{1906F502-33F3-4F29-AB7D-ED40CBFB53FF}.Release|Any CPU.ActiveCfg = Release|Any CPU
		{1906F502-33F3-4F29-AB7D-ED40CBFB53FF}.Release|Any CPU.Build.0 = Release|Any CPU
		{B8F3C660-7E46-4068-B824-995377203A81}.Debug|Any CPU.ActiveCfg = Debug|Any CPU
		{B8F3C660-7E46-4068-B824-995377203A81}.Debug|Any CPU.Build.0 = Debug|Any CPU
		{B8F3C660-7E46-4068-B824-995377203A81}.Release|Any CPU.ActiveCfg = Release|Any CPU
		{B8F3C660-7E46-4068-B824-995377203A81}.Release|Any CPU.Build.0 = Release|Any CPU
		{A81F115A-C62A-454D-814B-D85CF6798B0A}.Debug|Any CPU.ActiveCfg = Debug|Any CPU
		{A81F115A-C62A-454D-814B-D85CF6798B0A}.Debug|Any CPU.Build.0 = Debug|Any CPU
		{A81F115A-C62A-454D-814B-D85CF6798B0A}.Release|Any CPU.ActiveCfg = Release|Any CPU
		{A81F115A-C62A-454D-814B-D85CF6798B0A}.Release|Any CPU.Build.0 = Release|Any CPU
	EndGlobalSection
	GlobalSection(SolutionProperties) = preSolution
		HideSolutionNode = FALSE
	EndGlobalSection
	GlobalSection(NestedProjects) = preSolution
		{3E57368E-BF79-418B-9C55-CE51D417ABCE} = {28F9C68B-1AA1-40CE-B848-135E69CE021F}
		{6E09B6D4-32EB-48F6-B3F7-A3E89F0D5862} = {28F9C68B-1AA1-40CE-B848-135E69CE021F}
		{1906F502-33F3-4F29-AB7D-ED40CBFB53FF} = {4A9B39E0-6550-4C68-9CF8-87490E46F043}
		{B8F3C660-7E46-4068-B824-995377203A81} = {DE504D3F-CABC-4488-A762-DCABBACE906A}
		{A81F115A-C62A-454D-814B-D85CF6798B0A} = {4A9B39E0-6550-4C68-9CF8-87490E46F043}
	EndGlobalSection
	GlobalSection(ExtensibilityGlobals) = postSolution
		SolutionGuid = {B903AC4B-7C19-4E48-AD3E-26617D4CA33D}
	EndGlobalSection
EndGlobal
